
Microsoft Visual Studio Solution File, Format Version 12.00
# Visual Studio Version 17
VisualStudioVersion = 17.1.32228.430
MinimumVisualStudioVersion = 10.0.40219.1
Project("{FAE04EC0-301F-11D3-BF4B-00C04F79EFBC}") = "Weather Application", "Weather Application\Weather Application.csproj", "{07432FCB-6029-4F1D-B4D3-39A248E03AEB}"
EndProject
Global
	GlobalSection(SolutionConfigurationPlatforms) = preSolution
		Debug|Any CPU = Debug|Any CPU
		Release|Any CPU = Release|Any CPU
	EndGlobalSection
	GlobalSection(ProjectConfigurationPlatforms) = postSolution
		{07432FCB-6029-4F1D-B4D3-39A248E03AEB}.Debug|Any CPU.ActiveCfg = Debug|Any CPU
		{07432FCB-6029-4F1D-B4D3-39A248E03AEB}.Debug|Any CPU.Build.0 = Debug|Any CPU
		{07432FCB-6029-4F1D-B4D3-39A248E03AEB}.Release|Any CPU.ActiveCfg = Release|Any CPU
		{07432FCB-6029-4F1D-B4D3-39A248E03AEB}.Release|Any CPU.Build.0 = Release|Any CPU
	EndGlobalSection
	GlobalSection(SolutionProperties) = preSolution
		HideSolutionNode = FALSE
	EndGlobalSection
	GlobalSection(ExtensibilityGlobals) = postSolution
		SolutionGuid = {CC170339-FCCD-4A07-9234-393B63D868CB}
	EndGlobalSection
EndGlobal
